
Microsoft Visual Studio Solution File, Format Version 12.00
# Visual Studio Version 16
VisualStudioVersion = 16.0.29806.167
MinimumVisualStudioVersion = 10.0.40219.1
Project("{9A19103F-16F7-4668-BE54-9A1E7A4F7556}") = "MYFLIX.Data", "MYFLIX.Domain\MYFLIX.Data.csproj", "{C97A68E4-3506-4F05-B60F-A80C9FEA0600}"
EndProject
Project("{9A19103F-16F7-4668-BE54-9A1E7A4F7556}") = "MYFLIX.Repository", "MYFLIX.Repository\MYFLIX.Repository.csproj", "{E58C9F71-16E5-45AF-979E-607D2E301A56}"
EndProject
Project("{9A19103F-16F7-4668-BE54-9A1E7A4F7556}") = "MYFLIX.Service", "MYFLIX.Service\MYFLIX.Service.csproj", "{3814A7B1-3D5E-4F01-9A57-FAC571A16051}"
EndProject
Project("{9A19103F-16F7-4668-BE54-9A1E7A4F7556}") = "MYFLIX.API", "MYFLIX.API\MYFLIX.API.csproj", "{D592A1BA-4552-46A6-BACD-0019788B8299}"
EndProject
Global
	GlobalSection(SolutionConfigurationPlatforms) = preSolution
		Debug|Any CPU = Debug|Any CPU
		Release|Any CPU = Release|Any CPU
	EndGlobalSection
	GlobalSection(ProjectConfigurationPlatforms) = postSolution
		{C97A68E4-3506-4F05-B60F-A80C9FEA0600}.Debug|Any CPU.ActiveCfg = Debug|Any CPU
		{C97A68E4-3506-4F05-B60F-A80C9FEA0600}.Debug|Any CPU.Build.0 = Debug|Any CPU
		{C97A68E4-3506-4F05-B60F-A80C9FEA0600}.Release|Any CPU.ActiveCfg = Release|Any CPU
		{C97A68E4-3506-4F05-B60F-A80C9FEA0600}.Release|Any CPU.Build.0 = Release|Any CPU
		{E58C9F71-16E5-45AF-979E-607D2E301A56}.Debug|Any CPU.ActiveCfg = Debug|Any CPU
		{E58C9F71-16E5-45AF-979E-607D2E301A56}.Debug|Any CPU.Build.0 = Debug|Any CPU
		{E58C9F71-16E5-45AF-979E-607D2E301A56}.Release|Any CPU.ActiveCfg = Release|Any CPU
		{E58C9F71-16E5-45AF-979E-607D2E301A56}.Release|Any CPU.Build.0 = Release|Any CPU
		{3814A7B1-3D5E-4F01-9A57-FAC571A16051}.Debug|Any CPU.ActiveCfg = Debug|Any CPU
		{3814A7B1-3D5E-4F01-9A57-FAC571A16051}.Debug|Any CPU.Build.0 = Debug|Any CPU
		{3814A7B1-3D5E-4F01-9A57-FAC571A16051}.Release|Any CPU.ActiveCfg = Release|Any CPU
		{3814A7B1-3D5E-4F01-9A57-FAC571A16051}.Release|Any CPU.Build.0 = Release|Any CPU
		{D592A1BA-4552-46A6-BACD-0019788B8299}.Debug|Any CPU.ActiveCfg = Debug|Any CPU
		{D592A1BA-4552-46A6-BACD-0019788B8299}.Debug|Any CPU.Build.0 = Debug|Any CPU
		{D592A1BA-4552-46A6-BACD-0019788B8299}.Release|Any CPU.ActiveCfg = Release|Any CPU
		{D592A1BA-4552-46A6-BACD-0019788B8299}.Release|Any CPU.Build.0 = Release|Any CPU
	EndGlobalSection
	GlobalSection(SolutionProperties) = preSolution
		HideSolutionNode = FALSE
	EndGlobalSection
	GlobalSection(ExtensibilityGlobals) = postSolution
		SolutionGuid = {1C4F1353-170F-4DEE-A19B-B6E1B0736814}
	EndGlobalSection
EndGlobal
